
Microsoft Visual Studio Solution File, Format Version 12.00
# Visual Studio 15
VisualStudioVersion = 15.0.28307.757
MinimumVisualStudioVersion = 10.0.40219.1
Project("{FAE04EC0-301F-11D3-BF4B-00C04F79EFBC}") = "AlejandroGarciaMalo.Tests", "AlejandroGarcíaMalo.Tests\AlejandroGarciaMalo.Tests.csproj", "{3F183B1C-E3C4-44AF-BD01-A087622B1A8A}"
EndProject
Project("{FAE04EC0-301F-11D3-BF4B-00C04F79EFBC}") = "WindowsFormsImperio", "WindowsFormsImperio\WindowsFormsImperio.csproj", "{916F7C16-1572-41EA-8CC9-8924897B16A1}"
	ProjectSection(ProjectDependencies) = postProject
		{87998F57-11CF-4CBF-8B14-A975E0AA655D} = {87998F57-11CF-4CBF-8B14-A975E0AA655D}
	EndProjectSection
EndProject
Project("{FAE04EC0-301F-11D3-BF4B-00C04F79EFBC}") = "AlejandroGarciaMalo", "AlejandroGarciaMalo\AlejandroGarciaMalo.csproj", "{87998F57-11CF-4CBF-8B14-A975E0AA655D}"
EndProject
Global
	GlobalSection(SolutionConfigurationPlatforms) = preSolution
		Debug|Any CPU = Debug|Any CPU
		Release|Any CPU = Release|Any CPU
	EndGlobalSection
	GlobalSection(ProjectConfigurationPlatforms) = postSolution
		{3F183B1C-E3C4-44AF-BD01-A087622B1A8A}.Debug|Any CPU.ActiveCfg = Debug|Any CPU
		{3F183B1C-E3C4-44AF-BD01-A087622B1A8A}.Debug|Any CPU.Build.0 = Debug|Any CPU
		{3F183B1C-E3C4-44AF-BD01-A087622B1A8A}.Release|Any CPU.ActiveCfg = Release|Any CPU
		{3F183B1C-E3C4-44AF-BD01-A087622B1A8A}.Release|Any CPU.Build.0 = Release|Any CPU
		{916F7C16-1572-41EA-8CC9-8924897B16A1}.Debug|Any CPU.ActiveCfg = Debug|Any CPU
		{916F7C16-1572-41EA-8CC9-8924897B16A1}.Debug|Any CPU.Build.0 = Debug|Any CPU
		{916F7C16-1572-41EA-8CC9-8924897B16A1}.Release|Any CPU.ActiveCfg = Release|Any CPU
		{916F7C16-1572-41EA-8CC9-8924897B16A1}.Release|Any CPU.Build.0 = Release|Any CPU
		{87998F57-11CF-4CBF-8B14-A975E0AA655D}.Debug|Any CPU.ActiveCfg = Debug|Any CPU
		{87998F57-11CF-4CBF-8B14-A975E0AA655D}.Debug|Any CPU.Build.0 = Debug|Any CPU
		{87998F57-11CF-4CBF-8B14-A975E0AA655D}.Release|Any CPU.ActiveCfg = Release|Any CPU
		{87998F57-11CF-4CBF-8B14-A975E0AA655D}.Release|Any CPU.Build.0 = Release|Any CPU
	EndGlobalSection
	GlobalSection(SolutionProperties) = preSolution
		HideSolutionNode = FALSE
	EndGlobalSection
	GlobalSection(ExtensibilityGlobals) = postSolution
		SolutionGuid = {D8778B3B-EE76-4CBF-B896-EB41FCB2AB65}
	EndGlobalSection
EndGlobal
